
Microsoft Visual Studio Solution File, Format Version 12.00
# Visual Studio 14
VisualStudioVersion = 14.0.25123.0
MinimumVisualStudioVersion = 10.0.40219.1
Project("{FAE04EC0-301F-11D3-BF4B-00C04F79EFBC}") = "Task1", "Task1\Task1.csproj", "{DB088690-75B8-4917-8670-070EF03367DF}"
EndProject
Project("{FAE04EC0-301F-11D3-BF4B-00C04F79EFBC}") = "Task2", "Task2\Task2.csproj", "{554DCD0F-B4BC-409D-ADAC-68B335826E15}"
EndProject
Project("{FAE04EC0-301F-11D3-BF4B-00C04F79EFBC}") = "Task3", "Task3\Task3.csproj", "{02467EDD-84A0-42C7-8A04-403D8BECA2EA}"
EndProject
Project("{FAE04EC0-301F-11D3-BF4B-00C04F79EFBC}") = "Task4", "Task4\Task4.csproj", "{D36C6ABD-E56D-49E2-BF3D-E1BB3F6EE91C}"
EndProject
Project("{FAE04EC0-301F-11D3-BF4B-00C04F79EFBC}") = "Task5", "Task5\Task5.csproj", "{E9BD151F-E321-4071-93B0-9508605D3EB6}"
EndProject
Project("{FAE04EC0-301F-11D3-BF4B-00C04F79EFBC}") = "Task6", "Task6\Task6.csproj", "{C24FE5BC-4CED-44CE-B21A-B93CB9DC97EA}"
EndProject
Project("{FAE04EC0-301F-11D3-BF4B-00C04F79EFBC}") = "Task7", "Task7\Task7.csproj", "{572D9C64-0C41-4015-85FB-E5D1328C9CAE}"
EndProject
Project("{FAE04EC0-301F-11D3-BF4B-00C04F79EFBC}") = "Task8", "Task8\Task8.csproj", "{DE92AA0F-907C-4E58-8022-471D4C06642B}"
EndProject
Global
	GlobalSection(SolutionConfigurationPlatforms) = preSolution
		Debug|Any CPU = Debug|Any CPU
		Release|Any CPU = Release|Any CPU
	EndGlobalSection
	GlobalSection(ProjectConfigurationPlatforms) = postSolution
		{DB088690-75B8-4917-8670-070EF03367DF}.Debug|Any CPU.ActiveCfg = Debug|Any CPU
		{DB088690-75B8-4917-8670-070EF03367DF}.Debug|Any CPU.Build.0 = Debug|Any CPU
		{DB088690-75B8-4917-8670-070EF03367DF}.Release|Any CPU.ActiveCfg = Release|Any CPU
		{DB088690-75B8-4917-8670-070EF03367DF}.Release|Any CPU.Build.0 = Release|Any CPU
		{554DCD0F-B4BC-409D-ADAC-68B335826E15}.Debug|Any CPU.ActiveCfg = Debug|Any CPU
		{554DCD0F-B4BC-409D-ADAC-68B335826E15}.Debug|Any CPU.Build.0 = Debug|Any CPU
		{554DCD0F-B4BC-409D-ADAC-68B335826E15}.Release|Any CPU.ActiveCfg = Release|Any CPU
		{554DCD0F-B4BC-409D-ADAC-68B335826E15}.Release|Any CPU.Build.0 = Release|Any CPU
		{02467EDD-84A0-42C7-8A04-403D8BECA2EA}.Debug|Any CPU.ActiveCfg = Debug|Any CPU
		{02467EDD-84A0-42C7-8A04-403D8BECA2EA}.Debug|Any CPU.Build.0 = Debug|Any CPU
		{02467EDD-84A0-42C7-8A04-403D8BECA2EA}.Release|Any CPU.ActiveCfg = Release|Any CPU
		{02467EDD-84A0-42C7-8A04-403D8BECA2EA}.Release|Any CPU.Build.0 = Release|Any CPU
		{D36C6ABD-E56D-49E2-BF3D-E1BB3F6EE91C}.Debug|Any CPU.ActiveCfg = Debug|Any CPU
		{D36C6ABD-E56D-49E2-BF3D-E1BB3F6EE91C}.Debug|Any CPU.Build.0 = Debug|Any CPU
		{D36C6ABD-E56D-49E2-BF3D-E1BB3F6EE91C}.Release|Any CPU.ActiveCfg = Release|Any CPU
		{D36C6ABD-E56D-49E2-BF3D-E1BB3F6EE91C}.Release|Any CPU.Build.0 = Release|Any CPU
		{E9BD151F-E321-4071-93B0-9508605D3EB6}.Debug|Any CPU.ActiveCfg = Debug|Any CPU
		{E9BD151F-E321-4071-93B0-9508605D3EB6}.Debug|Any CPU.Build.0 = Debug|Any CPU
		{E9BD151F-E321-4071-93B0-9508605D3EB6}.Release|Any CPU.ActiveCfg = Release|Any CPU
		{E9BD151F-E321-4071-93B0-9508605D3EB6}.Release|Any CPU.Build.0 = Release|Any CPU
		{C24FE5BC-4CED-44CE-B21A-B93CB9DC97EA}.Debug|Any CPU.ActiveCfg = Debug|Any CPU
		{C24FE5BC-4CED-44CE-B21A-B93CB9DC97EA}.Debug|Any CPU.Build.0 = Debug|Any CPU
		{C24FE5BC-4CED-44CE-B21A-B93CB9DC97EA}.Release|Any CPU.ActiveCfg = Release|Any CPU
		{C24FE5BC-4CED-44CE-B21A-B93CB9DC97EA}.Release|Any CPU.Build.0 = Release|Any CPU
		{572D9C64-0C41-4015-85FB-E5D1328C9CAE}.Debug|Any CPU.ActiveCfg = Debug|Any CPU
		{572D9C64-0C41-4015-85FB-E5D1328C9CAE}.Debug|Any CPU.Build.0 = Debug|Any CPU
		{572D9C64-0C41-4015-85FB-E5D1328C9CAE}.Release|Any CPU.ActiveCfg = Release|Any CPU
		{572D9C64-0C41-4015-85FB-E5D1328C9CAE}.Release|Any CPU.Build.0 = Release|Any CPU
		{DE92AA0F-907C-4E58-8022-471D4C06642B}.Debug|Any CPU.ActiveCfg = Debug|Any CPU
		{DE92AA0F-907C-4E58-8022-471D4C06642B}.Debug|Any CPU.Build.0 = Debug|Any CPU
		{DE92AA0F-907C-4E58-8022-471D4C06642B}.Release|Any CPU.ActiveCfg = Release|Any CPU
		{DE92AA0F-907C-4E58-8022-471D4C06642B}.Release|Any CPU.Build.0 = Release|Any CPU
	EndGlobalSection
	GlobalSection(SolutionProperties) = preSolution
		HideSolutionNode = FALSE
	EndGlobalSection
EndGlobal
