
Microsoft Visual Studio Solution File, Format Version 12.00
# Visual Studio 14
VisualStudioVersion = 14.0.25123.0
MinimumVisualStudioVersion = 10.0.40219.1
Project("{FAE04EC0-301F-11D3-BF4B-00C04F79EFBC}") = "Task1", "Task1\Task1.csproj", "{0929F530-CFB2-4A68-AE6E-B559B112C2AA}"
EndProject
Project("{FAE04EC0-301F-11D3-BF4B-00C04F79EFBC}") = "Task2", "Task2\Task2.csproj", "{77F241D4-126B-42EF-8F0A-559DF532C079}"
EndProject
Project("{FAE04EC0-301F-11D3-BF4B-00C04F79EFBC}") = "Task3", "Task3\Task3.csproj", "{3272F595-73EE-4F58-8E7A-E46B81E0A75D}"
EndProject
Project("{FAE04EC0-301F-11D3-BF4B-00C04F79EFBC}") = "Task4", "Task4\Task4.csproj", "{A05B5AA9-D7A6-45D1-A0B5-DB364F21B740}"
EndProject
Global
	GlobalSection(SolutionConfigurationPlatforms) = preSolution
		Debug|Any CPU = Debug|Any CPU
		Release|Any CPU = Release|Any CPU
	EndGlobalSection
	GlobalSection(ProjectConfigurationPlatforms) = postSolution
		{0929F530-CFB2-4A68-AE6E-B559B112C2AA}.Debug|Any CPU.ActiveCfg = Debug|Any CPU
		{0929F530-CFB2-4A68-AE6E-B559B112C2AA}.Debug|Any CPU.Build.0 = Debug|Any CPU
		{0929F530-CFB2-4A68-AE6E-B559B112C2AA}.Release|Any CPU.ActiveCfg = Release|Any CPU
		{0929F530-CFB2-4A68-AE6E-B559B112C2AA}.Release|Any CPU.Build.0 = Release|Any CPU
		{77F241D4-126B-42EF-8F0A-559DF532C079}.Debug|Any CPU.ActiveCfg = Debug|Any CPU
		{77F241D4-126B-42EF-8F0A-559DF532C079}.Debug|Any CPU.Build.0 = Debug|Any CPU
		{77F241D4-126B-42EF-8F0A-559DF532C079}.Release|Any CPU.ActiveCfg = Release|Any CPU
		{77F241D4-126B-42EF-8F0A-559DF532C079}.Release|Any CPU.Build.0 = Release|Any CPU
		{3272F595-73EE-4F58-8E7A-E46B81E0A75D}.Debug|Any CPU.ActiveCfg = Debug|Any CPU
		{3272F595-73EE-4F58-8E7A-E46B81E0A75D}.Debug|Any CPU.Build.0 = Debug|Any CPU
		{3272F595-73EE-4F58-8E7A-E46B81E0A75D}.Release|Any CPU.ActiveCfg = Release|Any CPU
		{3272F595-73EE-4F58-8E7A-E46B81E0A75D}.Release|Any CPU.Build.0 = Release|Any CPU
		{A05B5AA9-D7A6-45D1-A0B5-DB364F21B740}.Debug|Any CPU.ActiveCfg = Debug|Any CPU
		{A05B5AA9-D7A6-45D1-A0B5-DB364F21B740}.Debug|Any CPU.Build.0 = Debug|Any CPU
		{A05B5AA9-D7A6-45D1-A0B5-DB364F21B740}.Release|Any CPU.ActiveCfg = Release|Any CPU
		{A05B5AA9-D7A6-45D1-A0B5-DB364F21B740}.Release|Any CPU.Build.0 = Release|Any CPU
	EndGlobalSection
	GlobalSection(SolutionProperties) = preSolution
		HideSolutionNode = FALSE
	EndGlobalSection
EndGlobal
